
Microsoft Visual Studio Solution File, Format Version 12.00
# Visual Studio 14
VisualStudioVersion = 14.0.25420.1
MinimumVisualStudioVersion = 10.0.40219.1
Project("{FAE04EC0-301F-11D3-BF4B-00C04F79EFBC}") = "AspNetWeb", "AspNetWeb\AspNetWeb.csproj", "{FB67A445-5C3E-4875-9764-E0249AFFFED2}"
EndProject
Project("{FAE04EC0-301F-11D3-BF4B-00C04F79EFBC}") = "DBFirst", "DBFirst\DBFirst.csproj", "{2CDCCFAE-5352-47BE-B37E-AAFE0EFE33D7}"
EndProject
Project("{FAE04EC0-301F-11D3-BF4B-00C04F79EFBC}") = "ModelFirst", "ModelFirst\ModelFirst.csproj", "{8A993790-C40A-4137-9750-5CB9B95D1F8B}"
EndProject
Project("{FAE04EC0-301F-11D3-BF4B-00C04F79EFBC}") = "CodeFirst", "CodeFirst\CodeFirst.csproj", "{45FFAC7A-AB22-4BA9-B99D-17ADC109CA86}"
EndProject
Project("{FAE04EC0-301F-11D3-BF4B-00C04F79EFBC}") = "LINQOtherExamples", "LINQOtherExamples\LINQOtherExamples.csproj", "{CCF7D2D3-9B5E-4780-93AC-5C387D2F27B2}"
EndProject
Project("{FAE04EC0-301F-11D3-BF4B-00C04F79EFBC}") = "MVCApp", "MVCApp\MVCApp.csproj", "{1B7EDF21-0756-4197-B023-3099022AA179}"
EndProject
Project("{FAE04EC0-301F-11D3-BF4B-00C04F79EFBC}") = "WCFExample", "WCFExample\WCFExample.csproj", "{632C4E9B-971D-4FAD-B290-8EE3BE318270}"
EndProject
Project("{FAE04EC0-301F-11D3-BF4B-00C04F79EFBC}") = "SampleLibrary", "SampleLibrary\SampleLibrary.csproj", "{5B5897CF-5CC0-47BF-B34D-AD5D76026A11}"
EndProject
Project("{FAE04EC0-301F-11D3-BF4B-00C04F79EFBC}") = "NUnitTest", "NUnitTest\NUnitTest.csproj", "{FCCB1741-539E-45C0-B3A4-60ACD0FF759D}"
EndProject
Project("{159641D6-6404-4A2A-AE62-294DE0FE8301}") = "SampleSSIS", "SampleSSIS\SampleSSIS.dtproj", "{8793583F-4695-456B-8861-70583238AD10}"
EndProject
Global
	GlobalSection(SolutionConfigurationPlatforms) = preSolution
		Debug|Any CPU = Debug|Any CPU
		Development|Any CPU = Development|Any CPU
		Release|Any CPU = Release|Any CPU
	EndGlobalSection
	GlobalSection(ProjectConfigurationPlatforms) = postSolution
		{FB67A445-5C3E-4875-9764-E0249AFFFED2}.Debug|Any CPU.ActiveCfg = Debug|Any CPU
		{FB67A445-5C3E-4875-9764-E0249AFFFED2}.Debug|Any CPU.Build.0 = Debug|Any CPU
		{FB67A445-5C3E-4875-9764-E0249AFFFED2}.Development|Any CPU.ActiveCfg = Debug|Any CPU
		{FB67A445-5C3E-4875-9764-E0249AFFFED2}.Development|Any CPU.Build.0 = Debug|Any CPU
		{FB67A445-5C3E-4875-9764-E0249AFFFED2}.Release|Any CPU.ActiveCfg = Release|Any CPU
		{FB67A445-5C3E-4875-9764-E0249AFFFED2}.Release|Any CPU.Build.0 = Release|Any CPU
		{2CDCCFAE-5352-47BE-B37E-AAFE0EFE33D7}.Debug|Any CPU.ActiveCfg = Debug|Any CPU
		{2CDCCFAE-5352-47BE-B37E-AAFE0EFE33D7}.Debug|Any CPU.Build.0 = Debug|Any CPU
		{2CDCCFAE-5352-47BE-B37E-AAFE0EFE33D7}.Development|Any CPU.ActiveCfg = Debug|Any CPU
		{2CDCCFAE-5352-47BE-B37E-AAFE0EFE33D7}.Development|Any CPU.Build.0 = Debug|Any CPU
		{2CDCCFAE-5352-47BE-B37E-AAFE0EFE33D7}.Release|Any CPU.ActiveCfg = Release|Any CPU
		{2CDCCFAE-5352-47BE-B37E-AAFE0EFE33D7}.Release|Any CPU.Build.0 = Release|Any CPU
		{8A993790-C40A-4137-9750-5CB9B95D1F8B}.Debug|Any CPU.ActiveCfg = Debug|Any CPU
		{8A993790-C40A-4137-9750-5CB9B95D1F8B}.Debug|Any CPU.Build.0 = Debug|Any CPU
		{8A993790-C40A-4137-9750-5CB9B95D1F8B}.Development|Any CPU.ActiveCfg = Debug|Any CPU
		{8A993790-C40A-4137-9750-5CB9B95D1F8B}.Development|Any CPU.Build.0 = Debug|Any CPU
		{8A993790-C40A-4137-9750-5CB9B95D1F8B}.Release|Any CPU.ActiveCfg = Release|Any CPU
		{8A993790-C40A-4137-9750-5CB9B95D1F8B}.Release|Any CPU.Build.0 = Release|Any CPU
		{45FFAC7A-AB22-4BA9-B99D-17ADC109CA86}.Debug|Any CPU.ActiveCfg = Debug|Any CPU
		{45FFAC7A-AB22-4BA9-B99D-17ADC109CA86}.Debug|Any CPU.Build.0 = Debug|Any CPU
		{45FFAC7A-AB22-4BA9-B99D-17ADC109CA86}.Development|Any CPU.ActiveCfg = Debug|Any CPU
		{45FFAC7A-AB22-4BA9-B99D-17ADC109CA86}.Development|Any CPU.Build.0 = Debug|Any CPU
		{45FFAC7A-AB22-4BA9-B99D-17ADC109CA86}.Release|Any CPU.ActiveCfg = Release|Any CPU
		{45FFAC7A-AB22-4BA9-B99D-17ADC109CA86}.Release|Any CPU.Build.0 = Release|Any CPU
		{CCF7D2D3-9B5E-4780-93AC-5C387D2F27B2}.Debug|Any CPU.ActiveCfg = Debug|Any CPU
		{CCF7D2D3-9B5E-4780-93AC-5C387D2F27B2}.Debug|Any CPU.Build.0 = Debug|Any CPU
		{CCF7D2D3-9B5E-4780-93AC-5C387D2F27B2}.Development|Any CPU.ActiveCfg = Debug|Any CPU
		{CCF7D2D3-9B5E-4780-93AC-5C387D2F27B2}.Development|Any CPU.Build.0 = Debug|Any CPU
		{CCF7D2D3-9B5E-4780-93AC-5C387D2F27B2}.Release|Any CPU.ActiveCfg = Release|Any CPU
		{CCF7D2D3-9B5E-4780-93AC-5C387D2F27B2}.Release|Any CPU.Build.0 = Release|Any CPU
		{1B7EDF21-0756-4197-B023-3099022AA179}.Debug|Any CPU.ActiveCfg = Debug|Any CPU
		{1B7EDF21-0756-4197-B023-3099022AA179}.Debug|Any CPU.Build.0 = Debug|Any CPU
		{1B7EDF21-0756-4197-B023-3099022AA179}.Development|Any CPU.ActiveCfg = Debug|Any CPU
		{1B7EDF21-0756-4197-B023-3099022AA179}.Development|Any CPU.Build.0 = Debug|Any CPU
		{1B7EDF21-0756-4197-B023-3099022AA179}.Release|Any CPU.ActiveCfg = Release|Any CPU
		{1B7EDF21-0756-4197-B023-3099022AA179}.Release|Any CPU.Build.0 = Release|Any CPU
		{632C4E9B-971D-4FAD-B290-8EE3BE318270}.Debug|Any CPU.ActiveCfg = Debug|Any CPU
		{632C4E9B-971D-4FAD-B290-8EE3BE318270}.Debug|Any CPU.Build.0 = Debug|Any CPU
		{632C4E9B-971D-4FAD-B290-8EE3BE318270}.Development|Any CPU.ActiveCfg = Debug|Any CPU
		{632C4E9B-971D-4FAD-B290-8EE3BE318270}.Development|Any CPU.Build.0 = Debug|Any CPU
		{632C4E9B-971D-4FAD-B290-8EE3BE318270}.Release|Any CPU.ActiveCfg = Release|Any CPU
		{632C4E9B-971D-4FAD-B290-8EE3BE318270}.Release|Any CPU.Build.0 = Release|Any CPU
		{5B5897CF-5CC0-47BF-B34D-AD5D76026A11}.Debug|Any CPU.ActiveCfg = Debug|Any CPU
		{5B5897CF-5CC0-47BF-B34D-AD5D76026A11}.Debug|Any CPU.Build.0 = Debug|Any CPU
		{5B5897CF-5CC0-47BF-B34D-AD5D76026A11}.Development|Any CPU.ActiveCfg = Debug|Any CPU
		{5B5897CF-5CC0-47BF-B34D-AD5D76026A11}.Development|Any CPU.Build.0 = Debug|Any CPU
		{5B5897CF-5CC0-47BF-B34D-AD5D76026A11}.Release|Any CPU.ActiveCfg = Release|Any CPU
		{5B5897CF-5CC0-47BF-B34D-AD5D76026A11}.Release|Any CPU.Build.0 = Release|Any CPU
		{FCCB1741-539E-45C0-B3A4-60ACD0FF759D}.Debug|Any CPU.ActiveCfg = Debug|Any CPU
		{FCCB1741-539E-45C0-B3A4-60ACD0FF759D}.Debug|Any CPU.Build.0 = Debug|Any CPU
		{FCCB1741-539E-45C0-B3A4-60ACD0FF759D}.Development|Any CPU.ActiveCfg = Debug|Any CPU
		{FCCB1741-539E-45C0-B3A4-60ACD0FF759D}.Development|Any CPU.Build.0 = Debug|Any CPU
		{FCCB1741-539E-45C0-B3A4-60ACD0FF759D}.Release|Any CPU.ActiveCfg = Release|Any CPU
		{FCCB1741-539E-45C0-B3A4-60ACD0FF759D}.Release|Any CPU.Build.0 = Release|Any CPU
		{8793583F-4695-456B-8861-70583238AD10}.Debug|Any CPU.ActiveCfg = Development
		{8793583F-4695-456B-8861-70583238AD10}.Debug|Any CPU.Build.0 = Development
		{8793583F-4695-456B-8861-70583238AD10}.Development|Any CPU.ActiveCfg = Development
		{8793583F-4695-456B-8861-70583238AD10}.Development|Any CPU.Build.0 = Development
		{8793583F-4695-456B-8861-70583238AD10}.Release|Any CPU.ActiveCfg = Development
		{8793583F-4695-456B-8861-70583238AD10}.Release|Any CPU.Build.0 = Development
	EndGlobalSection
	GlobalSection(SolutionProperties) = preSolution
		HideSolutionNode = FALSE
	EndGlobalSection
EndGlobal
